{
  "requires": true,
  "lockfileVersion": 1,
  "dependencies": {
    "types-exito": {
      "version": "1.0.2-beta.0",
      "resolved": "https://registry.npmjs.org/types-exito/-/types-exito-1.0.2-beta.0.tgz",
      "integrity": "sha512-PhEEEZIWG/jbXq98lyKH+YU/FFinfI3NUyL912eFuRUH96ojTKyqFOqioVSkJ0iHNh6ge4gM64MbQEMNvyc7Yw==",
      "dev": true
    }
  }
}
